
Microsoft Visual Studio Solution File, Format Version 12.00
# Visual Studio Version 17
VisualStudioVersion = 17.4.33122.133
MinimumVisualStudioVersion = 10.0.40219.1
Project("{FAE04EC0-301F-11D3-BF4B-00C04F79EFBC}") = "ExpenseTracker", "ExpenseTracker.csproj", "{6F82867B-0B87-49E8-8433-F1DF323567F6}"
EndProject
Project("{2150E333-8FDC-42A3-9474-1A3956D46DE8}") = "Solution Items", "Solution Items", "{15FDA81A-D8B8-4C58-AF31-8A781FF97D86}"
	ProjectSection(SolutionItems) = preProject
		.editorconfig = .editorconfig
	EndProjectSection
EndProject
Global
	GlobalSection(SolutionConfigurationPlatforms) = preSolution
		Debug|Any CPU = Debug|Any CPU
		Release|Any CPU = Release|Any CPU
	EndGlobalSection
	GlobalSection(ProjectConfigurationPlatforms) = postSolution
		{6F82867B-0B87-49E8-8433-F1DF323567F6}.Debug|Any CPU.ActiveCfg = Debug|Any CPU
		{6F82867B-0B87-49E8-8433-F1DF323567F6}.Debug|Any CPU.Build.0 = Debug|Any CPU
		{6F82867B-0B87-49E8-8433-F1DF323567F6}.Release|Any CPU.ActiveCfg = Release|Any CPU
		{6F82867B-0B87-49E8-8433-F1DF323567F6}.Release|Any CPU.Build.0 = Release|Any CPU
	EndGlobalSection
	GlobalSection(SolutionProperties) = preSolution
		HideSolutionNode = FALSE
	EndGlobalSection
	GlobalSection(ExtensibilityGlobals) = postSolution
		SolutionGuid = {2E59EE63-1E98-48A0-BF41-FE1B823E838E}
	EndGlobalSection
EndGlobal
